
Microsoft Visual Studio Solution File, Format Version 12.00
# Visual Studio Version 17
VisualStudioVersion = 17.0.31903.59
MinimumVisualStudioVersion = 10.0.40219.1
Project("{FAE04EC0-301F-11D3-BF4B-00C04F79EFBC}") = "Arahk.Domain.Identity", "Domains\Arahk.Domain.Identity\Arahk.Domain.Identity.csproj", "{1A6B0E3D-1EB3-47F2-8606-7651511DFD9E}"
EndProject
Project("{FAE04EC0-301F-11D3-BF4B-00C04F79EFBC}") = "Arahk.Domain.Core", "Domains\Arahk.Domain.Core\Arahk.Domain.Core\Arahk.Domain.Core.csproj", "{65B9D144-58B3-4EDF-AC82-0340FCF541D0}"
EndProject
Project("{FAE04EC0-301F-11D3-BF4B-00C04F79EFBC}") = "Arahk.Application", "Applications\Arahk.Application\Arahk.Application.csproj", "{7A801935-E02F-4380-BD6F-279218AB058E}"
EndProject
Project("{FAE04EC0-301F-11D3-BF4B-00C04F79EFBC}") = "Arahk.Application.Test", "Applications\Arahk.Application.Test\Arahk.Application.Test.csproj", "{D8ABD325-515C-46D8-928B-F2646E4FDEB8}"
EndProject
Project("{2150E333-8FDC-42A3-9474-1A3956D46DE8}") = "Domains", "Domains", "{84FDA2C5-1797-4A30-8862-CCD597E7F408}"
EndProject
Project("{2150E333-8FDC-42A3-9474-1A3956D46DE8}") = "Applications", "Applications", "{37BED5A1-5D21-4AD4-A5F6-DC240953A4A1}"
EndProject
Project("{2150E333-8FDC-42A3-9474-1A3956D46DE8}") = "Infrastructures", "Infrastructures", "{2195776B-A1BA-4B73-83E8-9A4AAEA29AA6}"
EndProject
Project("{FAE04EC0-301F-11D3-BF4B-00C04F79EFBC}") = "Arahk.Infrastructure", "Infrastructures\Arahk.Infrastructure\Arahk.Infrastructure.csproj", "{187DE9AA-2A5C-4291-903B-3334E4F83AFA}"
EndProject
Project("{2150E333-8FDC-42A3-9474-1A3956D46DE8}") = "Presentations", "Presentations", "{70A8A405-D586-4E13-A5E3-AC51A8F4D4FE}"
EndProject
Project("{FAE04EC0-301F-11D3-BF4B-00C04F79EFBC}") = "Arahk.Presentation.Identity", "Presentations\Arahk.Presentation.Identity\Arahk.Presentation.Identity.csproj", "{DCF62EFC-7F3C-43A0-846D-5559462A6950}"
EndProject
Global
	GlobalSection(SolutionConfigurationPlatforms) = preSolution
		Debug|Any CPU = Debug|Any CPU
		Release|Any CPU = Release|Any CPU
	EndGlobalSection
	GlobalSection(SolutionProperties) = preSolution
		HideSolutionNode = FALSE
	EndGlobalSection
	GlobalSection(ProjectConfigurationPlatforms) = postSolution
		{1A6B0E3D-1EB3-47F2-8606-7651511DFD9E}.Debug|Any CPU.ActiveCfg = Debug|Any CPU
		{1A6B0E3D-1EB3-47F2-8606-7651511DFD9E}.Debug|Any CPU.Build.0 = Debug|Any CPU
		{1A6B0E3D-1EB3-47F2-8606-7651511DFD9E}.Release|Any CPU.ActiveCfg = Release|Any CPU
		{1A6B0E3D-1EB3-47F2-8606-7651511DFD9E}.Release|Any CPU.Build.0 = Release|Any CPU
		{65B9D144-58B3-4EDF-AC82-0340FCF541D0}.Debug|Any CPU.ActiveCfg = Debug|Any CPU
		{65B9D144-58B3-4EDF-AC82-0340FCF541D0}.Debug|Any CPU.Build.0 = Debug|Any CPU
		{65B9D144-58B3-4EDF-AC82-0340FCF541D0}.Release|Any CPU.ActiveCfg = Release|Any CPU
		{65B9D144-58B3-4EDF-AC82-0340FCF541D0}.Release|Any CPU.Build.0 = Release|Any CPU
		{7A801935-E02F-4380-BD6F-279218AB058E}.Debug|Any CPU.ActiveCfg = Debug|Any CPU
		{7A801935-E02F-4380-BD6F-279218AB058E}.Debug|Any CPU.Build.0 = Debug|Any CPU
		{7A801935-E02F-4380-BD6F-279218AB058E}.Release|Any CPU.ActiveCfg = Release|Any CPU
		{7A801935-E02F-4380-BD6F-279218AB058E}.Release|Any CPU.Build.0 = Release|Any CPU
		{D8ABD325-515C-46D8-928B-F2646E4FDEB8}.Debug|Any CPU.ActiveCfg = Debug|Any CPU
		{D8ABD325-515C-46D8-928B-F2646E4FDEB8}.Debug|Any CPU.Build.0 = Debug|Any CPU
		{D8ABD325-515C-46D8-928B-F2646E4FDEB8}.Release|Any CPU.ActiveCfg = Release|Any CPU
		{D8ABD325-515C-46D8-928B-F2646E4FDEB8}.Release|Any CPU.Build.0 = Release|Any CPU
		{187DE9AA-2A5C-4291-903B-3334E4F83AFA}.Debug|Any CPU.ActiveCfg = Debug|Any CPU
		{187DE9AA-2A5C-4291-903B-3334E4F83AFA}.Debug|Any CPU.Build.0 = Debug|Any CPU
		{187DE9AA-2A5C-4291-903B-3334E4F83AFA}.Release|Any CPU.ActiveCfg = Release|Any CPU
		{187DE9AA-2A5C-4291-903B-3334E4F83AFA}.Release|Any CPU.Build.0 = Release|Any CPU
		{DCF62EFC-7F3C-43A0-846D-5559462A6950}.Debug|Any CPU.ActiveCfg = Debug|Any CPU
		{DCF62EFC-7F3C-43A0-846D-5559462A6950}.Debug|Any CPU.Build.0 = Debug|Any CPU
		{DCF62EFC-7F3C-43A0-846D-5559462A6950}.Release|Any CPU.ActiveCfg = Release|Any CPU
		{DCF62EFC-7F3C-43A0-846D-5559462A6950}.Release|Any CPU.Build.0 = Release|Any CPU
	EndGlobalSection
	GlobalSection(NestedProjects) = preSolution
		{7A801935-E02F-4380-BD6F-279218AB058E} = {37BED5A1-5D21-4AD4-A5F6-DC240953A4A1}
		{D8ABD325-515C-46D8-928B-F2646E4FDEB8} = {37BED5A1-5D21-4AD4-A5F6-DC240953A4A1}
		{65B9D144-58B3-4EDF-AC82-0340FCF541D0} = {84FDA2C5-1797-4A30-8862-CCD597E7F408}
		{1A6B0E3D-1EB3-47F2-8606-7651511DFD9E} = {84FDA2C5-1797-4A30-8862-CCD597E7F408}
		{187DE9AA-2A5C-4291-903B-3334E4F83AFA} = {2195776B-A1BA-4B73-83E8-9A4AAEA29AA6}
		{DCF62EFC-7F3C-43A0-846D-5559462A6950} = {70A8A405-D586-4E13-A5E3-AC51A8F4D4FE}
	EndGlobalSection
EndGlobal
